
Microsoft Visual Studio Solution File, Format Version 12.00
# Visual Studio Version 17
VisualStudioVersion = 17.1.32421.90
MinimumVisualStudioVersion = 10.0.40219.1
Project("{9A19103F-16F7-4668-BE54-9A1E7A4F7556}") = "PowerPlanSwitcher", "PowerPlanSwitcher\PowerPlanSwitcher.csproj", "{E7FB44A5-1F4E-49F7-A497-EFCF67AA7B61}"
EndProject
Project("{930C7802-8A8C-48F9-8165-68863BCCD9DD}") = "Setup", "Setup\Setup.wixproj", "{B3CDE6DA-C803-4E89-B851-207F64567533}"
EndProject
Project("{9A19103F-16F7-4668-BE54-9A1E7A4F7556}") = "PowerPlanSwitcherTests", "PowerPlanSwitcherTests\PowerPlanSwitcherTests.csproj", "{93689C9A-1C54-4A0C-86E9-62EB81C76021}"
EndProject
Global
	GlobalSection(SolutionConfigurationPlatforms) = preSolution
		Debug|Any CPU = Debug|Any CPU
		Release|Any CPU = Release|Any CPU
	EndGlobalSection
	GlobalSection(ProjectConfigurationPlatforms) = postSolution
		{E7FB44A5-1F4E-49F7-A497-EFCF67AA7B61}.Debug|Any CPU.ActiveCfg = Debug|Any CPU
		{E7FB44A5-1F4E-49F7-A497-EFCF67AA7B61}.Debug|Any CPU.Build.0 = Debug|Any CPU
		{E7FB44A5-1F4E-49F7-A497-EFCF67AA7B61}.Release|Any CPU.ActiveCfg = Release|Any CPU
		{E7FB44A5-1F4E-49F7-A497-EFCF67AA7B61}.Release|Any CPU.Build.0 = Release|Any CPU
		{B3CDE6DA-C803-4E89-B851-207F64567533}.Debug|Any CPU.ActiveCfg = Debug|x64
		{B3CDE6DA-C803-4E89-B851-207F64567533}.Release|Any CPU.ActiveCfg = Release|x64
		{93689C9A-1C54-4A0C-86E9-62EB81C76021}.Debug|Any CPU.ActiveCfg = Debug|Any CPU
		{93689C9A-1C54-4A0C-86E9-62EB81C76021}.Debug|Any CPU.Build.0 = Debug|Any CPU
		{93689C9A-1C54-4A0C-86E9-62EB81C76021}.Release|Any CPU.ActiveCfg = Release|Any CPU
		{93689C9A-1C54-4A0C-86E9-62EB81C76021}.Release|Any CPU.Build.0 = Release|Any CPU
	EndGlobalSection
	GlobalSection(SolutionProperties) = preSolution
		HideSolutionNode = FALSE
	EndGlobalSection
	GlobalSection(ExtensibilityGlobals) = postSolution
		SolutionGuid = {C32E5ED5-F32C-4A4F-A5AD-4A8CEC3C31DC}
	EndGlobalSection
EndGlobal
