
Microsoft Visual Studio Solution File, Format Version 12.00
# Visual Studio Version 17
VisualStudioVersion = 17.1.32421.90
MinimumVisualStudioVersion = 10.0.40219.1
Project("{FAE04EC0-301F-11D3-BF4B-00C04F79EFBC}") = "PowerPlanSwitcher", "PowerPlanSwitcher\PowerPlanSwitcher.csproj", "{E7FB44A5-1F4E-49F7-A497-EFCF67AA7B61}"
EndProject
Global
	GlobalSection(SolutionConfigurationPlatforms) = preSolution
		Debug|Any CPU = Debug|Any CPU
		Release|Any CPU = Release|Any CPU
	EndGlobalSection
	GlobalSection(ProjectConfigurationPlatforms) = postSolution
		{E7FB44A5-1F4E-49F7-A497-EFCF67AA7B61}.Debug|Any CPU.ActiveCfg = Debug|Any CPU
		{E7FB44A5-1F4E-49F7-A497-EFCF67AA7B61}.Debug|Any CPU.Build.0 = Debug|Any CPU
		{E7FB44A5-1F4E-49F7-A497-EFCF67AA7B61}.Release|Any CPU.ActiveCfg = Release|Any CPU
		{E7FB44A5-1F4E-49F7-A497-EFCF67AA7B61}.Release|Any CPU.Build.0 = Release|Any CPU
	EndGlobalSection
	GlobalSection(SolutionProperties) = preSolution
		HideSolutionNode = FALSE
	EndGlobalSection
	GlobalSection(ExtensibilityGlobals) = postSolution
		SolutionGuid = {C32E5ED5-F32C-4A4F-A5AD-4A8CEC3C31DC}
	EndGlobalSection
EndGlobal
