
Microsoft Visual Studio Solution File, Format Version 12.00
# Visual Studio Version 17
VisualStudioVersion = 17.1.32421.90
MinimumVisualStudioVersion = 10.0.40219.1
Project("{9A19103F-16F7-4668-BE54-9A1E7A4F7556}") = "PowerPlanSwitcher", "PowerPlanSwitcher\PowerPlanSwitcher.csproj", "{E7FB44A5-1F4E-49F7-A497-EFCF67AA7B61}"
EndProject
Project("{B7DD6F7E-DEF8-4E67-B5B7-07EF123DB6F0}") = "Setup", "Setup\Setup.wixproj", "{B3CDE6DA-C803-4E89-B851-207F64567533}"
EndProject
Project("{9A19103F-16F7-4668-BE54-9A1E7A4F7556}") = "PowerPlanSwitcherTests", "PowerPlanSwitcherTests\PowerPlanSwitcherTests.csproj", "{93689C9A-1C54-4A0C-86E9-62EB81C76021}"
EndProject
Project("{FAE04EC0-301F-11D3-BF4B-00C04F79EFBC}") = "PowerManagement", "PowerManagement\PowerManagement.csproj", "{4CF166FC-5BEB-4961-B5B5-28B05737111D}"
EndProject
Project("{FAE04EC0-301F-11D3-BF4B-00C04F79EFBC}") = "DebugCmd", "DebugCmd\DebugCmd.csproj", "{B5084D8F-94FB-461A-949B-15B221B58E39}"
EndProject
Project("{FAE04EC0-301F-11D3-BF4B-00C04F79EFBC}") = "ProcessManagement", "ProcessManagement\ProcessManagement.csproj", "{E8F60E65-E7BF-472D-A367-CB423D6D9D67}"
EndProject
Project("{FAE04EC0-301F-11D3-BF4B-00C04F79EFBC}") = "RuleManagement", "RuleManagement\RuleManagement.csproj", "{4DA97782-706D-4BFE-8CFF-68D1F2364031}"
EndProject
Project("{FAE04EC0-301F-11D3-BF4B-00C04F79EFBC}") = "RuleManagementTest", "RuleManagementTest\RuleManagementTest.csproj", "{F7CAB55A-B629-49FC-B00E-6CDE4491ACDD}"
EndProject
Global
	GlobalSection(SolutionConfigurationPlatforms) = preSolution
		Debug|Any CPU = Debug|Any CPU
		Debug|x64 = Debug|x64
		Release|Any CPU = Release|Any CPU
		Release|x64 = Release|x64
	EndGlobalSection
	GlobalSection(ProjectConfigurationPlatforms) = postSolution
		{E7FB44A5-1F4E-49F7-A497-EFCF67AA7B61}.Debug|Any CPU.ActiveCfg = Debug|x64
		{E7FB44A5-1F4E-49F7-A497-EFCF67AA7B61}.Debug|Any CPU.Build.0 = Debug|x64
		{E7FB44A5-1F4E-49F7-A497-EFCF67AA7B61}.Debug|x64.ActiveCfg = Debug|x64
		{E7FB44A5-1F4E-49F7-A497-EFCF67AA7B61}.Debug|x64.Build.0 = Debug|x64
		{E7FB44A5-1F4E-49F7-A497-EFCF67AA7B61}.Release|Any CPU.ActiveCfg = Release|x64
		{E7FB44A5-1F4E-49F7-A497-EFCF67AA7B61}.Release|Any CPU.Build.0 = Release|x64
		{E7FB44A5-1F4E-49F7-A497-EFCF67AA7B61}.Release|x64.ActiveCfg = Release|x64
		{E7FB44A5-1F4E-49F7-A497-EFCF67AA7B61}.Release|x64.Build.0 = Release|x64
		{B3CDE6DA-C803-4E89-B851-207F64567533}.Debug|Any CPU.ActiveCfg = Debug|x64
		{B3CDE6DA-C803-4E89-B851-207F64567533}.Debug|Any CPU.Build.0 = Debug|x64
		{B3CDE6DA-C803-4E89-B851-207F64567533}.Debug|x64.ActiveCfg = Debug|x64
		{B3CDE6DA-C803-4E89-B851-207F64567533}.Release|Any CPU.ActiveCfg = Release|x64
		{B3CDE6DA-C803-4E89-B851-207F64567533}.Release|Any CPU.Build.0 = Release|x64
		{B3CDE6DA-C803-4E89-B851-207F64567533}.Release|x64.ActiveCfg = Release|x64
		{93689C9A-1C54-4A0C-86E9-62EB81C76021}.Debug|Any CPU.ActiveCfg = Debug|x64
		{93689C9A-1C54-4A0C-86E9-62EB81C76021}.Debug|Any CPU.Build.0 = Debug|x64
		{93689C9A-1C54-4A0C-86E9-62EB81C76021}.Debug|x64.ActiveCfg = Debug|x64
		{93689C9A-1C54-4A0C-86E9-62EB81C76021}.Debug|x64.Build.0 = Debug|x64
		{93689C9A-1C54-4A0C-86E9-62EB81C76021}.Release|Any CPU.ActiveCfg = Release|x64
		{93689C9A-1C54-4A0C-86E9-62EB81C76021}.Release|Any CPU.Build.0 = Release|x64
		{93689C9A-1C54-4A0C-86E9-62EB81C76021}.Release|x64.ActiveCfg = Release|x64
		{93689C9A-1C54-4A0C-86E9-62EB81C76021}.Release|x64.Build.0 = Release|x64
		{4CF166FC-5BEB-4961-B5B5-28B05737111D}.Debug|Any CPU.ActiveCfg = Debug|Any CPU
		{4CF166FC-5BEB-4961-B5B5-28B05737111D}.Debug|Any CPU.Build.0 = Debug|Any CPU
		{4CF166FC-5BEB-4961-B5B5-28B05737111D}.Debug|x64.ActiveCfg = Debug|Any CPU
		{4CF166FC-5BEB-4961-B5B5-28B05737111D}.Debug|x64.Build.0 = Debug|Any CPU
		{4CF166FC-5BEB-4961-B5B5-28B05737111D}.Release|Any CPU.ActiveCfg = Release|Any CPU
		{4CF166FC-5BEB-4961-B5B5-28B05737111D}.Release|Any CPU.Build.0 = Release|Any CPU
		{4CF166FC-5BEB-4961-B5B5-28B05737111D}.Release|x64.ActiveCfg = Release|Any CPU
		{4CF166FC-5BEB-4961-B5B5-28B05737111D}.Release|x64.Build.0 = Release|Any CPU
		{B5084D8F-94FB-461A-949B-15B221B58E39}.Debug|Any CPU.ActiveCfg = Debug|Any CPU
		{B5084D8F-94FB-461A-949B-15B221B58E39}.Debug|Any CPU.Build.0 = Debug|Any CPU
		{B5084D8F-94FB-461A-949B-15B221B58E39}.Debug|x64.ActiveCfg = Debug|Any CPU
		{B5084D8F-94FB-461A-949B-15B221B58E39}.Debug|x64.Build.0 = Debug|Any CPU
		{B5084D8F-94FB-461A-949B-15B221B58E39}.Release|Any CPU.ActiveCfg = Release|Any CPU
		{B5084D8F-94FB-461A-949B-15B221B58E39}.Release|Any CPU.Build.0 = Release|Any CPU
		{B5084D8F-94FB-461A-949B-15B221B58E39}.Release|x64.ActiveCfg = Release|Any CPU
		{B5084D8F-94FB-461A-949B-15B221B58E39}.Release|x64.Build.0 = Release|Any CPU
		{E8F60E65-E7BF-472D-A367-CB423D6D9D67}.Debug|Any CPU.ActiveCfg = Debug|Any CPU
		{E8F60E65-E7BF-472D-A367-CB423D6D9D67}.Debug|Any CPU.Build.0 = Debug|Any CPU
		{E8F60E65-E7BF-472D-A367-CB423D6D9D67}.Debug|x64.ActiveCfg = Debug|Any CPU
		{E8F60E65-E7BF-472D-A367-CB423D6D9D67}.Debug|x64.Build.0 = Debug|Any CPU
		{E8F60E65-E7BF-472D-A367-CB423D6D9D67}.Release|Any CPU.ActiveCfg = Release|Any CPU
		{E8F60E65-E7BF-472D-A367-CB423D6D9D67}.Release|Any CPU.Build.0 = Release|Any CPU
		{E8F60E65-E7BF-472D-A367-CB423D6D9D67}.Release|x64.ActiveCfg = Release|Any CPU
		{E8F60E65-E7BF-472D-A367-CB423D6D9D67}.Release|x64.Build.0 = Release|Any CPU
		{4DA97782-706D-4BFE-8CFF-68D1F2364031}.Debug|Any CPU.ActiveCfg = Debug|Any CPU
		{4DA97782-706D-4BFE-8CFF-68D1F2364031}.Debug|Any CPU.Build.0 = Debug|Any CPU
		{4DA97782-706D-4BFE-8CFF-68D1F2364031}.Debug|x64.ActiveCfg = Debug|Any CPU
		{4DA97782-706D-4BFE-8CFF-68D1F2364031}.Debug|x64.Build.0 = Debug|Any CPU
		{4DA97782-706D-4BFE-8CFF-68D1F2364031}.Release|Any CPU.ActiveCfg = Release|Any CPU
		{4DA97782-706D-4BFE-8CFF-68D1F2364031}.Release|Any CPU.Build.0 = Release|Any CPU
		{4DA97782-706D-4BFE-8CFF-68D1F2364031}.Release|x64.ActiveCfg = Release|Any CPU
		{4DA97782-706D-4BFE-8CFF-68D1F2364031}.Release|x64.Build.0 = Release|Any CPU
		{F7CAB55A-B629-49FC-B00E-6CDE4491ACDD}.Debug|Any CPU.ActiveCfg = Debug|Any CPU
		{F7CAB55A-B629-49FC-B00E-6CDE4491ACDD}.Debug|Any CPU.Build.0 = Debug|Any CPU
		{F7CAB55A-B629-49FC-B00E-6CDE4491ACDD}.Debug|x64.ActiveCfg = Debug|Any CPU
		{F7CAB55A-B629-49FC-B00E-6CDE4491ACDD}.Debug|x64.Build.0 = Debug|Any CPU
		{F7CAB55A-B629-49FC-B00E-6CDE4491ACDD}.Release|Any CPU.ActiveCfg = Release|Any CPU
		{F7CAB55A-B629-49FC-B00E-6CDE4491ACDD}.Release|Any CPU.Build.0 = Release|Any CPU
		{F7CAB55A-B629-49FC-B00E-6CDE4491ACDD}.Release|x64.ActiveCfg = Release|Any CPU
		{F7CAB55A-B629-49FC-B00E-6CDE4491ACDD}.Release|x64.Build.0 = Release|Any CPU
	EndGlobalSection
	GlobalSection(SolutionProperties) = preSolution
		HideSolutionNode = FALSE
	EndGlobalSection
	GlobalSection(ExtensibilityGlobals) = postSolution
		SolutionGuid = {C32E5ED5-F32C-4A4F-A5AD-4A8CEC3C31DC}
	EndGlobalSection
EndGlobal
